// !$*UTF8*$!
{
	archiveVersion = 1;
	classes = {
	};
	objectVersion = 50;
	objects = {

/* Begin PBXBuildFile section */
		0A482E6C20FB4ACC00BB93DD /* AppDelegate.swift in Sources */ = {isa = PBXBuildFile; fileRef = 0A482E6B20FB4ACC00BB93DD /* AppDelegate.swift */; };
		0A482E7320FB4ACE00BB93DD /* Main.storyboard in Resources */ = {isa = PBXBuildFile; fileRef = 0A482E7120FB4ACE00BB93DD /* Main.storyboard */; };
		0A482E7C20FB50F000BB93DD /* BluetoothConnector.swift in Sources */ = {isa = PBXBuildFile; fileRef = 0A482E7B20FB50F000BB93DD /* BluetoothConnector.swift */; };
		0A482E7E20FB538600BB93DD /* BluetoothConnectorProtocol.swift in Sources */ = {isa = PBXBuildFile; fileRef = 0A482E7D20FB538600BB93DD /* BluetoothConnectorProtocol.swift */; };
		0A482E8020FB5C2900BB93DD /* Assets.xcassets in Resources */ = {isa = PBXBuildFile; fileRef = 0A482E7F20FB5C2900BB93DD /* Assets.xcassets */; };
/* End PBXBuildFile section */

/* Begin PBXFileReference section */
		0A482E6820FB4ACC00BB93DD /* AirPods Connector.app */ = {isa = PBXFileReference; explicitFileType = wrapper.application; includeInIndex = 0; path = "AirPods Connector.app"; sourceTree = BUILT_PRODUCTS_DIR; };
		0A482E6B20FB4ACC00BB93DD /* AppDelegate.swift */ = {isa = PBXFileReference; lastKnownFileType = sourcecode.swift; path = AppDelegate.swift; sourceTree = "<group>"; };
		0A482E7220FB4ACE00BB93DD /* Base */ = {isa = PBXFileReference; lastKnownFileType = file.storyboard; name = Base; path = Base.lproj/Main.storyboard; sourceTree = "<group>"; };
		0A482E7420FB4ACE00BB93DD /* Info.plist */ = {isa = PBXFileReference; lastKnownFileType = text.plist.xml; path = Info.plist; sourceTree = "<group>"; };
		0A482E7520FB4ACE00BB93DD /* AirPods_Connector.entitlements */ = {isa = PBXFileReference; lastKnownFileType = text.plist.entitlements; path = AirPods_Connector.entitlements; sourceTree = "<group>"; };
		0A482E7B20FB50F000BB93DD /* BluetoothConnector.swift */ = {isa = PBXFileReference; lastKnownFileType = sourcecode.swift; path = BluetoothConnector.swift; sourceTree = "<group>"; };
		0A482E7D20FB538600BB93DD /* BluetoothConnectorProtocol.swift */ = {isa = PBXFileReference; lastKnownFileType = sourcecode.swift; path = BluetoothConnectorProtocol.swift; sourceTree = "<group>"; };
		0A482E7F20FB5C2900BB93DD /* Assets.xcassets */ = {isa = PBXFileReference; lastKnownFileType = folder.assetcatalog; path = Assets.xcassets; sourceTree = "<group>"; };
/* End PBXFileReference section */

/* Begin PBXFrameworksBuildPhase section */
		0A482E6520FB4ACC00BB93DD /* Frameworks */ = {
			isa = PBXFrameworksBuildPhase;
			buildActionMask = 2147483647;
			files = (
			);
			runOnlyForDeploymentPostprocessing = 0;
		};
/* End PBXFrameworksBuildPhase section */

/* Begin PBXGroup section */
		0A482E5F20FB4ACC00BB93DD = {
			isa = PBXGroup;
			children = (
				0A482E6A20FB4ACC00BB93DD /* AirPods Connector */,
				0A482E6920FB4ACC00BB93DD /* Products */,
			);
			sourceTree = "<group>";
		};
		0A482E6920FB4ACC00BB93DD /* Products */ = {
			isa = PBXGroup;
			children = (
				0A482E6820FB4ACC00BB93DD /* AirPods Connector.app */,
			);
			name = Products;
			sourceTree = "<group>";
		};
		0A482E6A20FB4ACC00BB93DD /* AirPods Connector */ = {
			isa = PBXGroup;
			children = (
				0A482E6B20FB4ACC00BB93DD /* AppDelegate.swift */,
				0A482E7120FB4ACE00BB93DD /* Main.storyboard */,
				0A482E7420FB4ACE00BB93DD /* Info.plist */,
				0A482E7520FB4ACE00BB93DD /* AirPods_Connector.entitlements */,
				0A482E7B20FB50F000BB93DD /* BluetoothConnector.swift */,
				0A482E7D20FB538600BB93DD /* BluetoothConnectorProtocol.swift */,
				0A482E7F20FB5C2900BB93DD /* Assets.xcassets */,
			);
			path = "AirPods Connector";
			sourceTree = "<group>";
		};
/* End PBXGroup section */

/* Begin PBXNativeTarget section */
		0A482E6720FB4ACC00BB93DD /* AirPods Connector */ = {
			isa = PBXNativeTarget;
			buildConfigurationList = 0A482E7820FB4ACE00BB93DD /* Build configuration list for PBXNativeTarget "AirPods Connector" */;
			buildPhases = (
				0A482E6420FB4ACC00BB93DD /* Sources */,
				0A482E6520FB4ACC00BB93DD /* Frameworks */,
				0A482E6620FB4ACC00BB93DD /* Resources */,
			);
			buildRules = (
			);
			dependencies = (
			);
			name = "AirPods Connector";
			productName = "AirPods Connector";
			productReference = 0A482E6820FB4ACC00BB93DD /* AirPods Connector.app */;
			productType = "com.apple.product-type.application";
		};
/* End PBXNativeTarget section */

/* Begin PBXProject section */
		0A482E6020FB4ACC00BB93DD /* Project object */ = {
			isa = PBXProject;
			attributes = {
				LastSwiftUpdateCheck = 0940;
				LastUpgradeCheck = 0940;
				ORGANIZATIONNAME = Kevin;
				TargetAttributes = {
					0A482E6720FB4ACC00BB93DD = {
						CreatedOnToolsVersion = 9.4.1;
					};
				};
			};
			buildConfigurationList = 0A482E6320FB4ACC00BB93DD /* Build configuration list for PBXProject "AirPods Connector" */;
			compatibilityVersion = "Xcode 9.3";
			developmentRegion = en;
			hasScannedForEncodings = 0;
			knownRegions = (
				en,
				Base,
			);
			mainGroup = 0A482E5F20FB4ACC00BB93DD;
			productRefGroup = 0A482E6920FB4ACC00BB93DD /* Products */;
			projectDirPath = "";
			projectRoot = "";
			targets = (
				0A482E6720FB4ACC00BB93DD /* AirPods Connector */,
			);
		};
/* End PBXProject section */

/* Begin PBXResourcesBuildPhase section */
		0A482E6620FB4ACC00BB93DD /* Resources */ = {
			isa = PBXResourcesBuildPhase;
			buildActionMask = 2147483647;
			files = (
				0A482E8020FB5C2900BB93DD /* Assets.xcassets in Resources */,
				0A482E7320FB4ACE00BB93DD /* Main.storyboard in Resources */,
			);
			runOnlyForDeploymentPostprocessing = 0;
		};
/* End PBXResourcesBuildPhase section */

/* Begin PBXSourcesBuildPhase section */
		0A482E6420FB4ACC00BB93DD /* Sources */ = {
			isa = PBXSourcesBuildPhase;
			buildActionMask = 2147483647;
			files = (
				0A482E7C20FB50F000BB93DD /* BluetoothConnector.swift in Sources */,
				0A482E6C20FB4ACC00BB93DD /* AppDelegate.swift in Sources */,
				0A482E7E20FB538600BB93DD /* BluetoothConnectorProtocol.swift in Sources */,
			);
			runOnlyForDeploymentPostprocessing = 0;
		};
/* End PBXSourcesBuildPhase section */

/* Begin PBXVariantGroup section */
		0A482E7120FB4ACE00BB93DD /* Main.storyboard */ = {
			isa = PBXVariantGroup;
			children = (
				0A482E7220FB4ACE00BB93DD /* Base */,
			);
			name = Main.storyboard;
			sourceTree = "<group>";
		};
/* End PBXVariantGroup section */

/* Begin XCBuildConfiguration section */
		0A482E7620FB4ACE00BB93DD /* Debug */ = {
			isa = XCBuildConfiguration;
			buildSettings = {
				ALWAYS_SEARCH_USER_PATHS = NO;
				CLANG_ANALYZER_NONNULL = YES;
				CLANG_ANALYZER_NUMBER_OBJECT_CONVERSION = YES_AGGRESSIVE;
				CLANG_CXX_LANGUAGE_STANDARD = "gnu++14";
				CLANG_CXX_LIBRARY = "libc++";
				CLANG_ENABLE_MODULES = YES;
				CLANG_ENABLE_OBJC_ARC = YES;
				CLANG_ENABLE_OBJC_WEAK = YES;
				CLANG_WARN_BLOCK_CAPTURE_AUTORELEASING = YES;
				CLANG_WARN_BOOL_CONVERSION = YES;
				CLANG_WARN_COMMA = YES;
				CLANG_WARN_CONSTANT_CONVERSION = YES;
				CLANG_WARN_DEPRECATED_OBJC_IMPLEMENTATIONS = YES;
				CLANG_WARN_DIRECT_OBJC_ISA_USAGE = YES_ERROR;
				CLANG_WARN_DOCUMENTATION_COMMENTS = YES;
				CLANG_WARN_EMPTY_BODY = YES;
				CLANG_WARN_ENUM_CONVERSION = YES;
				CLANG_WARN_INFINITE_RECURSION = YES;
				CLANG_WARN_INT_CONVERSION = YES;
				CLANG_WARN_NON_LITERAL_NULL_CONVERSION = YES;
				CLANG_WARN_OBJC_IMPLICIT_RETAIN_SELF = YES;
				CLANG_WARN_OBJC_LITERAL_CONVERSION = YES;
				CLANG_WARN_OBJC_ROOT_CLASS = YES_ERROR;
				CLANG_WARN_RANGE_LOOP_ANALYSIS = YES;
				CLANG_WARN_STRICT_PROTOTYPES = YES;
				CLANG_WARN_SUSPICIOUS_MOVE = YES;
				CLANG_WARN_UNGUARDED_AVAILABILITY = YES_AGGRESSIVE;
				CLANG_WARN_UNREACHABLE_CODE = YES;
				CLANG_WARN__DUPLICATE_METHOD_MATCH = YES;
				CODE_SIGN_IDENTITY = "Mac Developer";
				COPY_PHASE_STRIP = NO;
				DEBUG_INFORMATION_FORMAT = dwarf;
				ENABLE_STRICT_OBJC_MSGSEND = YES;
				ENABLE_TESTABILITY = YES;
				GCC_C_LANGUAGE_STANDARD = gnu11;
				GCC_DYNAMIC_NO_PIC = NO;
				GCC_NO_COMMON_BLOCKS = YES;
				GCC_OPTIMIZATION_LEVEL = 0;
				GCC_PREPROCESSOR_DEFINITIONS = (
					"DEBUG=1",
					"$(inherited)",
				);
				GCC_WARN_64_TO_32_BIT_CONVERSION = YES;
				GCC_WARN_ABOUT_RETURN_TYPE = YES_ERROR;
				GCC_WARN_UNDECLARED_SELECTOR = YES;
				GCC_WARN_UNINITIALIZED_AUTOS = YES_AGGRESSIVE;
				GCC_WARN_UNUSED_FUNCTION = YES;
				GCC_WARN_UNUSED_VARIABLE = YES;
				MACOSX_DEPLOYMENT_TARGET = 10.13;
				MTL_ENABLE_DEBUG_INFO = YES;
				ONLY_ACTIVE_ARCH = YES;
				SDKROOT = macosx;
				SWIFT_ACTIVE_COMPILATION_CONDITIONS = DEBUG;
				SWIFT_OPTIMIZATION_LEVEL = "-Onone";
			};
			name = Debug;
		};
		0A482E7720FB4ACE00BB93DD /* Release */ = {
			isa = XCBuildConfiguration;
			buildSettings = {
				ALWAYS_SEARCH_USER_PATHS = NO;
				CLANG_ANALYZER_NONNULL = YES;
				CLANG_ANALYZER_NUMBER_OBJECT_CONVERSION = YES_AGGRESSIVE;
				CLANG_CXX_LANGUAGE_STANDARD = "gnu++14";
				CLANG_CXX_LIBRARY = "libc++";
				CLANG_ENABLE_MODULES = YES;
				CLANG_ENABLE_OBJC_ARC = YES;
				CLANG_ENABLE_OBJC_WEAK = YES;
				CLANG_WARN_BLOCK_CAPTURE_AUTORELEASING = YES;
				CLANG_WARN_BOOL_CONVERSION = YES;
				CLANG_WARN_COMMA = YES;
				CLANG_WARN_CONSTANT_CONVERSION = YES;
				CLANG_WARN_DEPRECATED_OBJC_IMPLEMENTATIONS = YES;
				CLANG_WARN_DIRECT_OBJC_ISA_USAGE = YES_ERROR;
				CLANG_WARN_DOCUMENTATION_COMMENTS = YES;
				CLANG_WARN_EMPTY_BODY = YES;
				CLANG_WARN_ENUM_CONVERSION = YES;
				CLANG_WARN_INFINITE_RECURSION = YES;
				CLANG_WARN_INT_CONVERSION = YES;
				CLANG_WARN_NON_LITERAL_NULL_CONVERSION = YES;
				CLANG_WARN_OBJC_IMPLICIT_RETAIN_SELF = YES;
				CLANG_WARN_OBJC_LITERAL_CONVERSION = YES;
				CLANG_WARN_OBJC_ROOT_CLASS = YES_ERROR;
				CLANG_WARN_RANGE_LOOP_ANALYSIS = YES;
				CLANG_WARN_STRICT_PROTOTYPES = YES;
				CLANG_WARN_SUSPICIOUS_MOVE = YES;
				CLANG_WARN_UNGUARDED_AVAILABILITY = YES_AGGRESSIVE;
				CLANG_WARN_UNREACHABLE_CODE = YES;
				CLANG_WARN__DUPLICATE_METHOD_MATCH = YES;
				CODE_SIGN_IDENTITY = "Mac Developer";
				COPY_PHASE_STRIP = NO;
				DEBUG_INFORMATION_FORMAT = "dwarf-with-dsym";
				ENABLE_NS_ASSERTIONS = NO;
				ENABLE_STRICT_OBJC_MSGSEND = YES;
				GCC_C_LANGUAGE_STANDARD = gnu11;
				GCC_NO_COMMON_BLOCKS = YES;
				GCC_WARN_64_TO_32_BIT_CONVERSION = YES;
				GCC_WARN_ABOUT_RETURN_TYPE = YES_ERROR;
				GCC_WARN_UNDECLARED_SELECTOR = YES;
				GCC_WARN_UNINITIALIZED_AUTOS = YES_AGGRESSIVE;
				GCC_WARN_UNUSED_FUNCTION = YES;
				GCC_WARN_UNUSED_VARIABLE = YES;
				MACOSX_DEPLOYMENT_TARGET = 10.13;
				MTL_ENABLE_DEBUG_INFO = NO;
				SDKROOT = macosx;
				SWIFT_COMPILATION_MODE = wholemodule;
				SWIFT_OPTIMIZATION_LEVEL = "-O";
			};
			name = Release;
		};
		0A482E7920FB4ACE00BB93DD /* Debug */ = {
			isa = XCBuildConfiguration;
			buildSettings = {
				ASSETCATALOG_COMPILER_APPICON_NAME = AppIcon;
				CODE_SIGN_STYLE = Automatic;
				COMBINE_HIDPI_IMAGES = YES;
				DEVELOPMENT_TEAM = CSE3HFR9XU;
				INFOPLIST_FILE = "AirPods Connector/Info.plist";
				LD_RUNPATH_SEARCH_PATHS = (
					"$(inherited)",
					"@executable_path/../Frameworks",
				);
				PRODUCT_BUNDLE_IDENTIFIER = "com.beschoenen.AirPods-Connector";
				PRODUCT_NAME = "$(TARGET_NAME)";
				SWIFT_VERSION = 4.0;
			};
			name = Debug;
		};
		0A482E7A20FB4ACE00BB93DD /* Release */ = {
			isa = XCBuildConfiguration;
			buildSettings = {
				ASSETCATALOG_COMPILER_APPICON_NAME = AppIcon;
				CODE_SIGN_STYLE = Automatic;
				COMBINE_HIDPI_IMAGES = YES;
				DEVELOPMENT_TEAM = CSE3HFR9XU;
				INFOPLIST_FILE = "AirPods Connector/Info.plist";
				LD_RUNPATH_SEARCH_PATHS = (
					"$(inherited)",
					"@executable_path/../Frameworks",
				);
				PRODUCT_BUNDLE_IDENTIFIER = "com.beschoenen.AirPods-Connector";
				PRODUCT_NAME = "$(TARGET_NAME)";
				SWIFT_VERSION = 4.0;
			};
			name = Release;
		};
/* End XCBuildConfiguration section */

/* Begin XCConfigurationList section */
		0A482E6320FB4ACC00BB93DD /* Build configuration list for PBXProject "AirPods Connector" */ = {
			isa = XCConfigurationList;
			buildConfigurations = (
				0A482E7620FB4ACE00BB93DD /* Debug */,
				0A482E7720FB4ACE00BB93DD /* Release */,
			);
			defaultConfigurationIsVisible = 0;
			defaultConfigurationName = Release;
		};
		0A482E7820FB4ACE00BB93DD /* Build configuration list for PBXNativeTarget "AirPods Connector" */ = {
			isa = XCConfigurationList;
			buildConfigurations = (
				0A482E7920FB4ACE00BB93DD /* Debug */,
				0A482E7A20FB4ACE00BB93DD /* Release */,
			);
			defaultConfigurationIsVisible = 0;
			defaultConfigurationName = Release;
		};
/* End XCConfigurationList section */
	};
	rootObject = 0A482E6020FB4ACC00BB93DD /* Project object */;
}
